{
	"name": "@hediet/node-reload",
	"version": "0.7.3",
	"lockfileVersion": 2,
	"requires": true,
	"packages": {
		"": {
			"name": "@hediet/node-reload",
			"version": "0.7.3",
			"license": "MIT",
			"dependencies": {
				"@hediet/live-debug": "^0.5.1",
				"@hediet/std": "^0.6.0",
				"@hediet/typed-json-rpc": "^0.7.6",
				"@types/node": "^12.0.7",
				"@types/stack-trace": "^0.0.29",
				"chalk": "^2.4.2",
				"chokidar": "^3.0.1",
				"stack-trace": "^0.0.10",
				"ws": "^7.0.0"
			},
			"devDependencies": {
				"typescript": "^3.9.7"
			}
		},
		"node_modules/@hediet/live-debug": {
			"version": "0.5.2",
			"resolved": "https://registry.npmjs.org/@hediet/live-debug/-/live-debug-0.5.2.tgz",
			"integrity": "sha512-HBqVbyFez1oQlIPO9dzkFi7/9Gvt6ZpssgURzYaVFREl9Oq03nPd6V7Ay4bW03xFHPo3YT2Yff9mFmGQUX7JEg==",
			"dependencies": {
				"@hediet/std": "^0.6.0",
				"@hediet/typed-json-rpc": "^0.7.6",
				"@hediet/typed-json-rpc-websocket": "^0.7.7",
				"stacktracey": "^1.2.112",
				"ws": "^7.0.0"
			}
		},
		"node_modules/@hediet/std": {
			"version": "0.6.0",
			"resolved": "https://registry.npmjs.org/@hediet/std/-/std-0.6.0.tgz",
			"integrity": "sha512-XzBiZo6pnt01k266lSbXOBZd7jrQQSutoH3IpI/1GuL09zxuDX+c0XersEbMCGS45S2l/TSlISyV3MH1lbYJEg==",
			"dependencies": {
				"@types/chai": "^4.1.7",
				"@types/sinon": "^7.0.10",
				"chai": "^4.2.0",
				"mobx": "^5.10.0",
				"sinon": "^7.2.7"
			}
		},
		"node_modules/@hediet/typed-json-rpc": {
			"version": "0.7.7",
			"resolved": "https://registry.npmjs.org/@hediet/typed-json-rpc/-/typed-json-rpc-0.7.7.tgz",
			"integrity": "sha512-lyjbVqt+mFrRS0+2cOVDithtfG9gfRV5CJMVDwV+F2gfCUjTe1aZu4xObpDDLfxfoZOGgtPNNg6jCNhvXSxQHg==",
			"dependencies": {
				"@hediet/std": "^0.6.0",
				"io-ts": "^1.8.6"
			}
		},
		"node_modules/@hediet/typed-json-rpc-websocket": {
			"version": "0.7.7",
			"resolved": "https://registry.npmjs.org/@hediet/typed-json-rpc-websocket/-/typed-json-rpc-websocket-0.7.7.tgz",
			"integrity": "sha512-0Aakr7ktqjR9paPRHM0fhePZDA8kKWn2t2Al3ta9nXSsY4ec/HknEwR9NMhXD3lATa/wvvKVIymalzKuRoV82A==",
			"dependencies": {
				"@hediet/typed-json-rpc": "^0.7.5",
				"@types/ws": "^6.0.1",
				"isomorphic-ws": "^4.0.1"
			}
		},
		"node_modules/@sinonjs/commons": {
			"version": "1.4.0",
			"resolved": "https://registry.npmjs.org/@sinonjs/commons/-/commons-1.4.0.tgz",
			"integrity": "sha512-9jHK3YF/8HtJ9wCAbG+j8cD0i0+ATS9A7gXFqS36TblLPNy6rEEc+SB0imo91eCboGaBYGV/MT1/br/J+EE7Tw==",
			"dependencies": {
				"type-detect": "4.0.8"
			}
		},
		"node_modules/@sinonjs/formatio": {
			"version": "3.2.1",
			"resolved": "https://registry.npmjs.org/@sinonjs/formatio/-/formatio-3.2.1.tgz",
			"integrity": "sha512-tsHvOB24rvyvV2+zKMmPkZ7dXX6LSLKZ7aOtXY6Edklp0uRcgGpOsQTTGTcWViFyx4uhWc6GV8QdnALbIbIdeQ==",
			"dependencies": {
				"@sinonjs/commons": "^1",
				"@sinonjs/samsam": "^3.1.0"
			}
		},
		"node_modules/@sinonjs/samsam": {
			"version": "3.3.1",
			"resolved": "https://registry.npmjs.org/@sinonjs/samsam/-/samsam-3.3.1.tgz",
			"integrity": "sha512-wRSfmyd81swH0hA1bxJZJ57xr22kC07a1N4zuIL47yTS04bDk6AoCkczcqHEjcRPmJ+FruGJ9WBQiJwMtIElFw==",
			"dependencies": {
				"@sinonjs/commons": "^1.0.2",
				"array-from": "^2.1.1",
				"lodash": "^4.17.11"
			}
		},
		"node_modules/@sinonjs/text-encoding": {
			"version": "0.7.1",
			"resolved": "https://registry.npmjs.org/@sinonjs/text-encoding/-/text-encoding-0.7.1.tgz",
			"integrity": "sha512-+iTbntw2IZPb/anVDbypzfQa+ay64MW0Zo8aJ8gZPWMMK6/OubMVb6lUPMagqjOPnmtauXnFCACVl3O7ogjeqQ=="
		},
		"node_modules/@types/chai": {
			"version": "4.1.7",
			"resolved": "https://registry.npmjs.org/@types/chai/-/chai-4.1.7.tgz",
			"integrity": "sha512-2Y8uPt0/jwjhQ6EiluT0XCri1Dbplr0ZxfFXUz+ye13gaqE8u5gL5ppao1JrUYr9cIip5S6MvQzBS7Kke7U9VA=="
		},
		"node_modules/@types/events": {
			"version": "3.0.0",
			"resolved": "https://registry.npmjs.org/@types/events/-/events-3.0.0.tgz",
			"integrity": "sha512-EaObqwIvayI5a8dCzhFrjKzVwKLxjoG9T6Ppd5CEo07LRKfQ8Yokw54r5+Wq7FaBQ+yXRvQAYPrHwya1/UFt9g=="
		},
		"node_modules/@types/node": {
			"version": "12.0.7",
			"resolved": "https://registry.npmjs.org/@types/node/-/node-12.0.7.tgz",
			"integrity": "sha512-1YKeT4JitGgE4SOzyB9eMwO0nGVNkNEsm9qlIt1Lqm/tG2QEiSMTD4kS3aO6L+w5SClLVxALmIBESK6Mk5wX0A=="
		},
		"node_modules/@types/sinon": {
			"version": "7.0.12",
			"resolved": "https://registry.npmjs.org/@types/sinon/-/sinon-7.0.12.tgz",
			"integrity": "sha512-fo0MWpVPSUrnZZhp9wyu+hhI3VJ9+Jhs+PWrokBTg3d2ryNPDOAWF1csIhQuYWBTn7KdZzXpRgpX2o6cwOlPWg=="
		},
		"node_modules/@types/stack-trace": {
			"version": "0.0.29",
			"resolved": "https://registry.npmjs.org/@types/stack-trace/-/stack-trace-0.0.29.tgz",
			"integrity": "sha512-TgfOX+mGY/NyNxJLIbDWrO9DjGoVSW9+aB8H2yy1fy32jsvxijhmyJI9fDFgvz3YP4lvJaq9DzdR/M1bOgVc9g=="
		},
		"node_modules/@types/ws": {
			"version": "6.0.1",
			"resolved": "https://registry.npmjs.org/@types/ws/-/ws-6.0.1.tgz",
			"integrity": "sha512-EzH8k1gyZ4xih/MaZTXwT2xOkPiIMSrhQ9b8wrlX88L0T02eYsddatQlwVFlEPyEqV0ChpdpNnE51QPH6NVT4Q==",
			"dependencies": {
				"@types/events": "*",
				"@types/node": "*"
			}
		},
		"node_modules/ansi-styles": {
			"version": "3.2.1",
			"resolved": "https://registry.npmjs.org/ansi-styles/-/ansi-styles-3.2.1.tgz",
			"integrity": "sha512-VT0ZI6kZRdTh8YyJw3SMbYm/u+NqfsAxEpWO0Pf9sq8/e94WxxOpPKx9FR1FlyCtOVDNOQ+8ntlqFxiRc+r5qA==",
			"dependencies": {
				"color-convert": "^1.9.0"
			},
			"engines": {
				"node": ">=4"
			}
		},
		"node_modules/anymatch": {
			"version": "3.0.2",
			"resolved": "https://registry.npmjs.org/anymatch/-/anymatch-3.0.2.tgz",
			"integrity": "sha512-rUe9SxpRQlVg4EM8It7JMNWWYHAirTPpbTuvaSKybb5IejNgWB3PGBBX9rrPKDx2pM/p3Wh+7+ASaWRyyAbxmQ==",
			"dependencies": {
				"normalize-path": "^3.0.0",
				"picomatch": "^2.0.4"
			}
		},
		"node_modules/array-from": {
			"version": "2.1.1",
			"resolved": "https://registry.npmjs.org/array-from/-/array-from-2.1.1.tgz",
			"integrity": "sha1-z+nYwmYoudxa7MYqn12PHzUsEZU="
		},
		"node_modules/as-table": {
			"version": "1.0.47",
			"resolved": "https://registry.npmjs.org/as-table/-/as-table-1.0.47.tgz",
			"integrity": "sha512-PN3w+M0ovRB8JOcVHoNt/utJhzBcB9/EUGMJUVHibO7falF2WwnUMyaS+qbeaqNgBncWpG8iKQJIpA35W+uAnA==",
			"dependencies": {
				"printable-characters": "^1.0.42"
			}
		},
		"node_modules/assertion-error": {
			"version": "1.1.0",
			"resolved": "https://registry.npmjs.org/assertion-error/-/assertion-error-1.1.0.tgz",
			"integrity": "sha512-jgsaNduz+ndvGyFt3uSuWqvy4lCnIJiovtouQN5JZHOKCS2QuhEdbcQHFhVksz2N2U9hXJo8odG7ETyWlEeuDw==",
			"engines": {
				"node": "*"
			}
		},
		"node_modules/async-each": {
			"version": "1.0.3",
			"resolved": "https://registry.npmjs.org/async-each/-/async-each-1.0.3.tgz",
			"integrity": "sha512-z/WhQ5FPySLdvREByI2vZiTWwCnF0moMJ1hK9YQwDTHKh6I7/uSckMetoRGb5UBZPC1z0jlw+n/XCgjeH7y1AQ=="
		},
		"node_modules/binary-extensions": {
			"version": "2.0.0",
			"resolved": "https://registry.npmjs.org/binary-extensions/-/binary-extensions-2.0.0.tgz",
			"integrity": "sha512-Phlt0plgpIIBOGTT/ehfFnbNlfsDEiqmzE2KRXoX1bLIlir4X/MR+zSyBEkL05ffWgnRSf/DXv+WrUAVr93/ow==",
			"engines": {
				"node": ">=8"
			}
		},
		"node_modules/braces": {
			"version": "3.0.2",
			"resolved": "https://registry.npmjs.org/braces/-/braces-3.0.2.tgz",
			"integrity": "sha512-b8um+L1RzM3WDSzvhm6gIz1yfTbBt6YTlcEKAvsmqCZZFw46z626lVj9j1yEPW33H5H+lBQpZMP1k8l+78Ha0A==",
			"dependencies": {
				"fill-range": "^7.0.1"
			},
			"engines": {
				"node": ">=8"
			}
		},
		"node_modules/chai": {
			"version": "4.2.0",
			"resolved": "https://registry.npmjs.org/chai/-/chai-4.2.0.tgz",
			"integrity": "sha512-XQU3bhBukrOsQCuwZndwGcCVQHyZi53fQ6Ys1Fym7E4olpIqqZZhhoFJoaKVvV17lWQoXYwgWN2nF5crA8J2jw==",
			"dependencies": {
				"assertion-error": "^1.1.0",
				"check-error": "^1.0.2",
				"deep-eql": "^3.0.1",
				"get-func-name": "^2.0.0",
				"pathval": "^1.1.0",
				"type-detect": "^4.0.5"
			},
			"engines": {
				"node": ">=4"
			}
		},
		"node_modules/chalk": {
			"version": "2.4.2",
			"resolved": "https://registry.npmjs.org/chalk/-/chalk-2.4.2.tgz",
			"integrity": "sha512-Mti+f9lpJNcwF4tWV8/OrTTtF1gZi+f8FqlyAdouralcFWFQWF2+NgCHShjkCb+IFBLq9buZwE1xckQU4peSuQ==",
			"dependencies": {
				"ansi-styles": "^3.2.1",
				"escape-string-regexp": "^1.0.5",
				"supports-color": "^5.3.0"
			},
			"engines": {
				"node": ">=4"
			}
		},
		"node_modules/check-error": {
			"version": "1.0.2",
			"resolved": "https://registry.npmjs.org/check-error/-/check-error-1.0.2.tgz",
			"integrity": "sha1-V00xLt2Iu13YkS6Sht1sCu1KrII=",
			"engines": {
				"node": "*"
			}
		},
		"node_modules/chokidar": {
			"version": "3.0.1",
			"resolved": "https://registry.npmjs.org/chokidar/-/chokidar-3.0.1.tgz",
			"integrity": "sha512-2ww34sJWehnbpV0Q4k4V5Hh7juo7po6z7LUWkcIQnSGN1lHOL8GGtLtfwabKvLFQw/hbSUQ0u6V7OgGYgBzlkQ==",
			"dependencies": {
				"anymatch": "^3.0.1",
				"async-each": "^1.0.3",
				"braces": "^3.0.2",
				"glob-parent": "^5.0.0",
				"is-binary-path": "^2.1.0",
				"is-glob": "^4.0.1",
				"normalize-path": "^3.0.0",
				"readdirp": "^3.0.2"
			},
			"engines": {
				"node": ">= 8"
			},
			"optionalDependencies": {
				"fsevents": "^2.0.6"
			}
		},
		"node_modules/color-convert": {
			"version": "1.9.3",
			"resolved": "https://registry.npmjs.org/color-convert/-/color-convert-1.9.3.tgz",
			"integrity": "sha512-QfAUtd+vFdAtFQcC8CCyYt1fYWxSqAiK2cSD6zDB8N3cpsEBAvRxp9zOGg6G/SHHJYAT88/az/IuDGALsNVbGg==",
			"dependencies": {
				"color-name": "1.1.3"
			}
		},
		"node_modules/color-name": {
			"version": "1.1.3",
			"resolved": "https://registry.npmjs.org/color-name/-/color-name-1.1.3.tgz",
			"integrity": "sha1-p9BVi9icQveV3UIyj3QIMcpTvCU="
		},
		"node_modules/data-uri-to-buffer": {
			"version": "2.0.1",
			"resolved": "https://registry.npmjs.org/data-uri-to-buffer/-/data-uri-to-buffer-2.0.1.tgz",
			"integrity": "sha512-OkVVLrerfAKZlW2ZZ3Ve2y65jgiWqBKsTfUIAFbn8nVbPcCZg6l6gikKlEYv0kXcmzqGm6mFq/Jf2vriuEkv8A==",
			"dependencies": {
				"@types/node": "^8.0.7"
			}
		},
		"node_modules/data-uri-to-buffer/node_modules/@types/node": {
			"version": "8.10.49",
			"resolved": "https://registry.npmjs.org/@types/node/-/node-8.10.49.tgz",
			"integrity": "sha512-YX30JVx0PvSmJ3Eqr74fYLGeBxD+C7vIL20ek+GGGLJeUbVYRUW3EzyAXpIRA0K8c8o0UWqR/GwEFYiFoz1T8w=="
		},
		"node_modules/deep-eql": {
			"version": "3.0.1",
			"resolved": "https://registry.npmjs.org/deep-eql/-/deep-eql-3.0.1.tgz",
			"integrity": "sha512-+QeIQyN5ZuO+3Uk5DYh6/1eKO0m0YmJFGNmFHGACpf1ClL1nmlV/p4gNgbl2pJGxgXb4faqo6UE+M5ACEMyVcw==",
			"dependencies": {
				"type-detect": "^4.0.0"
			},
			"engines": {
				"node": ">=0.12"
			}
		},
		"node_modules/diff": {
			"version": "3.5.0",
			"resolved": "https://registry.npmjs.org/diff/-/diff-3.5.0.tgz",
			"integrity": "sha512-A46qtFgd+g7pDZinpnwiRJtxbC1hpgf0uzP3iG89scHk0AUC7A1TGxf5OiiOUv/JMZR8GOt8hL900hV0bOy5xA==",
			"engines": {
				"node": ">=0.3.1"
			}
		},
		"node_modules/escape-string-regexp": {
			"version": "1.0.5",
			"resolved": "https://registry.npmjs.org/escape-string-regexp/-/escape-string-regexp-1.0.5.tgz",
			"integrity": "sha1-G2HAViGQqN/2rjuyzwIAyhMLhtQ=",
			"engines": {
				"node": ">=0.8.0"
			}
		},
		"node_modules/fill-range": {
			"version": "7.0.1",
			"resolved": "https://registry.npmjs.org/fill-range/-/fill-range-7.0.1.tgz",
			"integrity": "sha512-qOo9F+dMUmC2Lcb4BbVvnKJxTPjCm+RRpe4gDuGrzkL7mEVl/djYSu2OdQ2Pa302N4oqkSg9ir6jaLWJ2USVpQ==",
			"dependencies": {
				"to-regex-range": "^5.0.1"
			},
			"engines": {
				"node": ">=8"
			}
		},
		"node_modules/fp-ts": {
			"version": "1.18.2",
			"resolved": "https://registry.npmjs.org/fp-ts/-/fp-ts-1.18.2.tgz",
			"integrity": "sha512-kznerusCuG5dUt0bH6eiQHVp2fstPiSlyzGb//rYgMMxCuromWEoVS0riH++86vyJm9Nv1B+pbe6udDx1tqjfA=="
		},
		"node_modules/fsevents": {
			"version": "2.0.7",
			"resolved": "https://registry.npmjs.org/fsevents/-/fsevents-2.0.7.tgz",
			"integrity": "sha512-a7YT0SV3RB+DjYcppwVDLtn13UQnmg0SWZS7ezZD0UjnLwXmy8Zm21GMVGLaFGimIqcvyMQaOJBrop8MyOp1kQ==",
			"deprecated": "\"Please update to latest v2.3 or v2.2\"",
			"hasInstallScript": true,
			"optional": true,
			"os": [
				"darwin"
			],
			"engines": {
				"node": "^8.16.0 || ^10.6.0 || >=11.0.0"
			}
		},
		"node_modules/get-func-name": {
			"version": "2.0.0",
			"resolved": "https://registry.npmjs.org/get-func-name/-/get-func-name-2.0.0.tgz",
			"integrity": "sha1-6td0q+5y4gQJQzoGY2YCPdaIekE=",
			"engines": {
				"node": "*"
			}
		},
		"node_modules/get-source": {
			"version": "1.0.37",
			"resolved": "https://registry.npmjs.org/get-source/-/get-source-1.0.37.tgz",
			"integrity": "sha512-Q0YbhnCgvqFe3OTuxkNvWCM+22O4hkx7D0g8em7iFW4vmw/TiX8dhsFIaP6yRkyN9ETHgzU190L3keCg2MADtg==",
			"dependencies": {
				"data-uri-to-buffer": "^2.0.0",
				"source-map": "^0.6.1"
			}
		},
		"node_modules/glob-parent": {
			"version": "5.1.2",
			"resolved": "https://registry.npmjs.org/glob-parent/-/glob-parent-5.1.2.tgz",
			"integrity": "sha512-AOIgSQCepiJYwP3ARnGx+5VnTu2HBYdzbGP45eLw1vr3zB3vZLeyed1sC9hnbcOc9/SrMyM5RPQrkGz4aS9Zow==",
			"dependencies": {
				"is-glob": "^4.0.1"
			},
			"engines": {
				"node": ">= 6"
			}
		},
		"node_modules/has-flag": {
			"version": "3.0.0",
			"resolved": "https://registry.npmjs.org/has-flag/-/has-flag-3.0.0.tgz",
			"integrity": "sha1-tdRU3CGZriJWmfNGfloH87lVuv0=",
			"engines": {
				"node": ">=4"
			}
		},
		"node_modules/io-ts": {
			"version": "1.8.6",
			"resolved": "https://registry.npmjs.org/io-ts/-/io-ts-1.8.6.tgz",
			"integrity": "sha512-0V0gbEfW5FnlEL++hO+j1cbxSvhH3f/i5Puz5AjmN6Q071vJONWTuOHttMSe60gi4DBHBTd2eHbSnHv37ptTnQ==",
			"dependencies": {
				"fp-ts": "^1.0.0"
			}
		},
		"node_modules/is-binary-path": {
			"version": "2.1.0",
			"resolved": "https://registry.npmjs.org/is-binary-path/-/is-binary-path-2.1.0.tgz",
			"integrity": "sha512-ZMERYes6pDydyuGidse7OsHxtbI7WVeUEozgR/g7rd0xUimYNlvZRE/K2MgZTjWy725IfelLeVcEM97mmtRGXw==",
			"dependencies": {
				"binary-extensions": "^2.0.0"
			},
			"engines": {
				"node": ">=8"
			}
		},
		"node_modules/is-extglob": {
			"version": "2.1.1",
			"resolved": "https://registry.npmjs.org/is-extglob/-/is-extglob-2.1.1.tgz",
			"integrity": "sha1-qIwCU1eR8C7TfHahueqXc8gz+MI=",
			"engines": {
				"node": ">=0.10.0"
			}
		},
		"node_modules/is-glob": {
			"version": "4.0.1",
			"resolved": "https://registry.npmjs.org/is-glob/-/is-glob-4.0.1.tgz",
			"integrity": "sha512-5G0tKtBTFImOqDnLB2hG6Bp2qcKEFduo4tZu9MT/H6NQv/ghhy30o55ufafxJ/LdH79LLs2Kfrn85TLKyA7BUg==",
			"dependencies": {
				"is-extglob": "^2.1.1"
			},
			"engines": {
				"node": ">=0.10.0"
			}
		},
		"node_modules/is-number": {
			"version": "7.0.0",
			"resolved": "https://registry.npmjs.org/is-number/-/is-number-7.0.0.tgz",
			"integrity": "sha512-41Cifkg6e8TylSpdtTpeLVMqvSBEVzTttHvERD741+pnZ8ANv0004MRL43QKPDlK9cGvNp6NZWZUBlbGXYxxng==",
			"engines": {
				"node": ">=0.12.0"
			}
		},
		"node_modules/isarray": {
			"version": "0.0.1",
			"resolved": "https://registry.npmjs.org/isarray/-/isarray-0.0.1.tgz",
			"integrity": "sha1-ihis/Kmo9Bd+Cav8YDiTmwXR7t8="
		},
		"node_modules/isomorphic-ws": {
			"version": "4.0.1",
			"resolved": "https://registry.npmjs.org/isomorphic-ws/-/isomorphic-ws-4.0.1.tgz",
			"integrity": "sha512-BhBvN2MBpWTaSHdWRb/bwdZJ1WaehQ2L1KngkCkfLUGF0mAWAT1sQUQacEmQ0jXkFw/czDXPNQSL5u2/Krsz1w==",
			"peerDependencies": {
				"ws": "*"
			}
		},
		"node_modules/just-extend": {
			"version": "4.0.2",
			"resolved": "https://registry.npmjs.org/just-extend/-/just-extend-4.0.2.tgz",
			"integrity": "sha512-FrLwOgm+iXrPV+5zDU6Jqu4gCRXbWEQg2O3SKONsWE4w7AXFRkryS53bpWdaL9cNol+AmR3AEYz6kn+o0fCPnw=="
		},
		"node_modules/lodash": {
			"version": "4.17.21",
			"resolved": "https://registry.npmjs.org/lodash/-/lodash-4.17.21.tgz",
			"integrity": "sha512-v2kDEe57lecTulaDIuNTPy3Ry4gLGJ6Z1O3vE1krgXZNrsQ+LFTGHVxVjcXPs17LhbZVGedAJv8XZ1tvj5FvSg=="
		},
		"node_modules/lolex": {
			"version": "4.1.0",
			"resolved": "https://registry.npmjs.org/lolex/-/lolex-4.1.0.tgz",
			"integrity": "sha512-BYxIEXiVq5lGIXeVHnsFzqa1TxN5acnKnPCdlZSpzm8viNEOhiigupA4vTQ9HEFQ6nLTQ9wQOgBknJgzUYQ9Aw=="
		},
		"node_modules/mobx": {
			"version": "5.10.1",
			"resolved": "https://registry.npmjs.org/mobx/-/mobx-5.10.1.tgz",
			"integrity": "sha512-L+akEGxdkKYssejgW9ayRPx5cZYJfxvTmdBUeR3S9oeumScV7Jj57yPeh9WMEk6NWeG8Wx3H0cWhqs0pftbtmg=="
		},
		"node_modules/nise": {
			"version": "1.5.0",
			"resolved": "https://registry.npmjs.org/nise/-/nise-1.5.0.tgz",
			"integrity": "sha512-Z3sfYEkLFzFmL8KY6xnSJLRxwQwYBjOXi/24lb62ZnZiGA0JUzGGTI6TBIgfCSMIDl9Jlu8SRmHNACLTemDHww==",
			"dependencies": {
				"@sinonjs/formatio": "^3.1.0",
				"@sinonjs/text-encoding": "^0.7.1",
				"just-extend": "^4.0.2",
				"lolex": "^4.1.0",
				"path-to-regexp": "^1.7.0"
			}
		},
		"node_modules/normalize-path": {
			"version": "3.0.0",
			"resolved": "https://registry.npmjs.org/normalize-path/-/normalize-path-3.0.0.tgz",
			"integrity": "sha512-6eZs5Ls3WtCisHWp9S2GUy8dqkpGi4BVSz3GaqiE6ezub0512ESztXUwUB6C6IKbQkY2Pnb/mD4WYojCRwcwLA==",
			"engines": {
				"node": ">=0.10.0"
			}
		},
		"node_modules/path-to-regexp": {
			"version": "1.7.0",
			"resolved": "https://registry.npmjs.org/path-to-regexp/-/path-to-regexp-1.7.0.tgz",
			"integrity": "sha1-Wf3g9DW62suhA6hOnTvGTpa5k30=",
			"dependencies": {
				"isarray": "0.0.1"
			}
		},
		"node_modules/pathval": {
			"version": "1.1.0",
			"resolved": "https://registry.npmjs.org/pathval/-/pathval-1.1.0.tgz",
			"integrity": "sha1-uULm1L3mUwBe9rcTYd74cn0GReA=",
			"engines": {
				"node": "*"
			}
		},
		"node_modules/picomatch": {
			"version": "2.0.7",
			"resolved": "https://registry.npmjs.org/picomatch/-/picomatch-2.0.7.tgz",
			"integrity": "sha512-oLHIdio3tZ0qH76NybpeneBhYVj0QFTfXEFTc/B3zKQspYfYYkWYgFsmzo+4kvId/bQRcNkVeguI3y+CD22BtA==",
			"engines": {
				"node": ">=8"
			}
		},
		"node_modules/printable-characters": {
			"version": "1.0.42",
			"resolved": "https://registry.npmjs.org/printable-characters/-/printable-characters-1.0.42.tgz",
			"integrity": "sha1-Pxjpd6m9jrN/zE/1ZZ176Qhos9g="
		},
		"node_modules/readdirp": {
			"version": "3.0.2",
			"resolved": "https://registry.npmjs.org/readdirp/-/readdirp-3.0.2.tgz",
			"integrity": "sha512-LbyJYv48eywrhOlScq16H/VkCiGKGPC2TpOdZCJ7QXnYEjn3NN/Oblh8QEU3vqfSRBB7OGvh5x45NKiVeNujIQ==",
			"dependencies": {
				"picomatch": "^2.0.4"
			},
			"engines": {
				"node": ">= 8"
			}
		},
		"node_modules/sinon": {
			"version": "7.3.2",
			"resolved": "https://registry.npmjs.org/sinon/-/sinon-7.3.2.tgz",
			"integrity": "sha512-thErC1z64BeyGiPvF8aoSg0LEnptSaWE7YhdWWbWXgelOyThent7uKOnnEh9zBxDbKixtr5dEko+ws1sZMuFMA==",
			"dependencies": {
				"@sinonjs/commons": "^1.4.0",
				"@sinonjs/formatio": "^3.2.1",
				"@sinonjs/samsam": "^3.3.1",
				"diff": "^3.5.0",
				"lolex": "^4.0.1",
				"nise": "^1.4.10",
				"supports-color": "^5.5.0"
			}
		},
		"node_modules/source-map": {
			"version": "0.6.1",
			"resolved": "https://registry.npmjs.org/source-map/-/source-map-0.6.1.tgz",
			"integrity": "sha512-UjgapumWlbMhkBgzT7Ykc5YXUT46F0iKu8SGXq0bcwP5dz/h0Plj6enJqjz1Zbq2l5WaqYnrVbwWOWMyF3F47g==",
			"engines": {
				"node": ">=0.10.0"
			}
		},
		"node_modules/stack-trace": {
			"version": "0.0.10",
			"resolved": "https://registry.npmjs.org/stack-trace/-/stack-trace-0.0.10.tgz",
			"integrity": "sha1-VHxws0fo0ytOEI6hoqFZ5f3eGcA=",
			"engines": {
				"node": "*"
			}
		},
		"node_modules/stacktracey": {
			"version": "1.2.112",
			"resolved": "https://registry.npmjs.org/stacktracey/-/stacktracey-1.2.112.tgz",
			"integrity": "sha512-sdToNahkjEyqBhpb6GJ5zf5d6pHW491NQt4lONP68D8MPd9iYpacUTojOOcdeEPcCeuBP2mfOSzKDQHpulZi7A==",
			"dependencies": {
				"as-table": "^1.0.36",
				"get-source": "^1.0.34"
			}
		},
		"node_modules/supports-color": {
			"version": "5.5.0",
			"resolved": "https://registry.npmjs.org/supports-color/-/supports-color-5.5.0.tgz",
			"integrity": "sha512-QjVjwdXIt408MIiAqCX4oUKsgU2EqAGzs2Ppkm4aQYbjm+ZEWEcW4SfFNTr4uMNZma0ey4f5lgLrkB0aX0QMow==",
			"dependencies": {
				"has-flag": "^3.0.0"
			},
			"engines": {
				"node": ">=4"
			}
		},
		"node_modules/to-regex-range": {
			"version": "5.0.1",
			"resolved": "https://registry.npmjs.org/to-regex-range/-/to-regex-range-5.0.1.tgz",
			"integrity": "sha512-65P7iz6X5yEr1cwcgvQxbbIw7Uk3gOy5dIdtZ4rDveLqhrdJP+Li/Hx6tyK0NEb+2GCyneCMJiGqrADCSNk8sQ==",
			"dependencies": {
				"is-number": "^7.0.0"
			},
			"engines": {
				"node": ">=8.0"
			}
		},
		"node_modules/type-detect": {
			"version": "4.0.8",
			"resolved": "https://registry.npmjs.org/type-detect/-/type-detect-4.0.8.tgz",
			"integrity": "sha512-0fr/mIH1dlO+x7TlcMy+bIDqKPsw/70tVyeHW787goQjhmqaZe10uwLujubK9q9Lg6Fiho1KUKDYz0Z7k7g5/g==",
			"engines": {
				"node": ">=4"
			}
		},
		"node_modules/typescript": {
			"version": "3.9.7",
			"resolved": "https://registry.npmjs.org/typescript/-/typescript-3.9.7.tgz",
			"integrity": "sha512-BLbiRkiBzAwsjut4x/dsibSTB6yWpwT5qWmC2OfuCg3GgVQCSgMs4vEctYPhsaGtd0AeuuHMkjZ2h2WG8MSzRw==",
			"dev": true,
			"bin": {
				"tsc": "bin/tsc",
				"tsserver": "bin/tsserver"
			},
			"engines": {
				"node": ">=4.2.0"
			}
		},
		"node_modules/ws": {
			"version": "7.5.0",
			"resolved": "https://registry.npmjs.org/ws/-/ws-7.5.0.tgz",
			"integrity": "sha512-6ezXvzOZupqKj4jUqbQ9tXuJNo+BR2gU8fFRk3XCP3e0G6WT414u5ELe6Y0vtp7kmSJ3F7YWObSNr1ESsgi4vw==",
			"engines": {
				"node": ">=8.3.0"
			},
			"peerDependencies": {
				"bufferutil": "^4.0.1",
				"utf-8-validate": "^5.0.2"
			},
			"peerDependenciesMeta": {
				"bufferutil": {
					"optional": true
				},
				"utf-8-validate": {
					"optional": true
				}
			}
		}
	},
	"dependencies": {
		"@hediet/live-debug": {
			"version": "0.5.2",
			"resolved": "https://registry.npmjs.org/@hediet/live-debug/-/live-debug-0.5.2.tgz",
			"integrity": "sha512-HBqVbyFez1oQlIPO9dzkFi7/9Gvt6ZpssgURzYaVFREl9Oq03nPd6V7Ay4bW03xFHPo3YT2Yff9mFmGQUX7JEg==",
			"requires": {
				"@hediet/std": "^0.6.0",
				"@hediet/typed-json-rpc": "^0.7.6",
				"@hediet/typed-json-rpc-websocket": "^0.7.7",
				"stacktracey": "^1.2.112",
				"ws": "^7.0.0"
			}
		},
		"@hediet/std": {
			"version": "0.6.0",
			"resolved": "https://registry.npmjs.org/@hediet/std/-/std-0.6.0.tgz",
			"integrity": "sha512-XzBiZo6pnt01k266lSbXOBZd7jrQQSutoH3IpI/1GuL09zxuDX+c0XersEbMCGS45S2l/TSlISyV3MH1lbYJEg==",
			"requires": {
				"@types/chai": "^4.1.7",
				"@types/sinon": "^7.0.10",
				"chai": "^4.2.0",
				"mobx": "^5.10.0",
				"sinon": "^7.2.7"
			}
		},
		"@hediet/typed-json-rpc": {
			"version": "0.7.7",
			"resolved": "https://registry.npmjs.org/@hediet/typed-json-rpc/-/typed-json-rpc-0.7.7.tgz",
			"integrity": "sha512-lyjbVqt+mFrRS0+2cOVDithtfG9gfRV5CJMVDwV+F2gfCUjTe1aZu4xObpDDLfxfoZOGgtPNNg6jCNhvXSxQHg==",
			"requires": {
				"@hediet/std": "^0.6.0",
				"io-ts": "^1.8.6"
			}
		},
		"@hediet/typed-json-rpc-websocket": {
			"version": "0.7.7",
			"resolved": "https://registry.npmjs.org/@hediet/typed-json-rpc-websocket/-/typed-json-rpc-websocket-0.7.7.tgz",
			"integrity": "sha512-0Aakr7ktqjR9paPRHM0fhePZDA8kKWn2t2Al3ta9nXSsY4ec/HknEwR9NMhXD3lATa/wvvKVIymalzKuRoV82A==",
			"requires": {
				"@hediet/typed-json-rpc": "^0.7.5",
				"@types/ws": "^6.0.1",
				"isomorphic-ws": "^4.0.1"
			}
		},
		"@sinonjs/commons": {
			"version": "1.4.0",
			"resolved": "https://registry.npmjs.org/@sinonjs/commons/-/commons-1.4.0.tgz",
			"integrity": "sha512-9jHK3YF/8HtJ9wCAbG+j8cD0i0+ATS9A7gXFqS36TblLPNy6rEEc+SB0imo91eCboGaBYGV/MT1/br/J+EE7Tw==",
			"requires": {
				"type-detect": "4.0.8"
			}
		},
		"@sinonjs/formatio": {
			"version": "3.2.1",
			"resolved": "https://registry.npmjs.org/@sinonjs/formatio/-/formatio-3.2.1.tgz",
			"integrity": "sha512-tsHvOB24rvyvV2+zKMmPkZ7dXX6LSLKZ7aOtXY6Edklp0uRcgGpOsQTTGTcWViFyx4uhWc6GV8QdnALbIbIdeQ==",
			"requires": {
				"@sinonjs/commons": "^1",
				"@sinonjs/samsam": "^3.1.0"
			}
		},
		"@sinonjs/samsam": {
			"version": "3.3.1",
			"resolved": "https://registry.npmjs.org/@sinonjs/samsam/-/samsam-3.3.1.tgz",
			"integrity": "sha512-wRSfmyd81swH0hA1bxJZJ57xr22kC07a1N4zuIL47yTS04bDk6AoCkczcqHEjcRPmJ+FruGJ9WBQiJwMtIElFw==",
			"requires": {
				"@sinonjs/commons": "^1.0.2",
				"array-from": "^2.1.1",
				"lodash": "^4.17.11"
			}
		},
		"@sinonjs/text-encoding": {
			"version": "0.7.1",
			"resolved": "https://registry.npmjs.org/@sinonjs/text-encoding/-/text-encoding-0.7.1.tgz",
			"integrity": "sha512-+iTbntw2IZPb/anVDbypzfQa+ay64MW0Zo8aJ8gZPWMMK6/OubMVb6lUPMagqjOPnmtauXnFCACVl3O7ogjeqQ=="
		},
		"@types/chai": {
			"version": "4.1.7",
			"resolved": "https://registry.npmjs.org/@types/chai/-/chai-4.1.7.tgz",
			"integrity": "sha512-2Y8uPt0/jwjhQ6EiluT0XCri1Dbplr0ZxfFXUz+ye13gaqE8u5gL5ppao1JrUYr9cIip5S6MvQzBS7Kke7U9VA=="
		},
		"@types/events": {
			"version": "3.0.0",
			"resolved": "https://registry.npmjs.org/@types/events/-/events-3.0.0.tgz",
			"integrity": "sha512-EaObqwIvayI5a8dCzhFrjKzVwKLxjoG9T6Ppd5CEo07LRKfQ8Yokw54r5+Wq7FaBQ+yXRvQAYPrHwya1/UFt9g=="
		},
		"@types/node": {
			"version": "12.0.7",
			"resolved": "https://registry.npmjs.org/@types/node/-/node-12.0.7.tgz",
			"integrity": "sha512-1YKeT4JitGgE4SOzyB9eMwO0nGVNkNEsm9qlIt1Lqm/tG2QEiSMTD4kS3aO6L+w5SClLVxALmIBESK6Mk5wX0A=="
		},
		"@types/sinon": {
			"version": "7.0.12",
			"resolved": "https://registry.npmjs.org/@types/sinon/-/sinon-7.0.12.tgz",
			"integrity": "sha512-fo0MWpVPSUrnZZhp9wyu+hhI3VJ9+Jhs+PWrokBTg3d2ryNPDOAWF1csIhQuYWBTn7KdZzXpRgpX2o6cwOlPWg=="
		},
		"@types/stack-trace": {
			"version": "0.0.29",
			"resolved": "https://registry.npmjs.org/@types/stack-trace/-/stack-trace-0.0.29.tgz",
			"integrity": "sha512-TgfOX+mGY/NyNxJLIbDWrO9DjGoVSW9+aB8H2yy1fy32jsvxijhmyJI9fDFgvz3YP4lvJaq9DzdR/M1bOgVc9g=="
		},
		"@types/ws": {
			"version": "6.0.1",
			"resolved": "https://registry.npmjs.org/@types/ws/-/ws-6.0.1.tgz",
			"integrity": "sha512-EzH8k1gyZ4xih/MaZTXwT2xOkPiIMSrhQ9b8wrlX88L0T02eYsddatQlwVFlEPyEqV0ChpdpNnE51QPH6NVT4Q==",
			"requires": {
				"@types/events": "*",
				"@types/node": "*"
			}
		},
		"ansi-styles": {
			"version": "3.2.1",
			"resolved": "https://registry.npmjs.org/ansi-styles/-/ansi-styles-3.2.1.tgz",
			"integrity": "sha512-VT0ZI6kZRdTh8YyJw3SMbYm/u+NqfsAxEpWO0Pf9sq8/e94WxxOpPKx9FR1FlyCtOVDNOQ+8ntlqFxiRc+r5qA==",
			"requires": {
				"color-convert": "^1.9.0"
			}
		},
		"anymatch": {
			"version": "3.0.2",
			"resolved": "https://registry.npmjs.org/anymatch/-/anymatch-3.0.2.tgz",
			"integrity": "sha512-rUe9SxpRQlVg4EM8It7JMNWWYHAirTPpbTuvaSKybb5IejNgWB3PGBBX9rrPKDx2pM/p3Wh+7+ASaWRyyAbxmQ==",
			"requires": {
				"normalize-path": "^3.0.0",
				"picomatch": "^2.0.4"
			}
		},
		"array-from": {
			"version": "2.1.1",
			"resolved": "https://registry.npmjs.org/array-from/-/array-from-2.1.1.tgz",
			"integrity": "sha1-z+nYwmYoudxa7MYqn12PHzUsEZU="
		},
		"as-table": {
			"version": "1.0.47",
			"resolved": "https://registry.npmjs.org/as-table/-/as-table-1.0.47.tgz",
			"integrity": "sha512-PN3w+M0ovRB8JOcVHoNt/utJhzBcB9/EUGMJUVHibO7falF2WwnUMyaS+qbeaqNgBncWpG8iKQJIpA35W+uAnA==",
			"requires": {
				"printable-characters": "^1.0.42"
			}
		},
		"assertion-error": {
			"version": "1.1.0",
			"resolved": "https://registry.npmjs.org/assertion-error/-/assertion-error-1.1.0.tgz",
			"integrity": "sha512-jgsaNduz+ndvGyFt3uSuWqvy4lCnIJiovtouQN5JZHOKCS2QuhEdbcQHFhVksz2N2U9hXJo8odG7ETyWlEeuDw=="
		},
		"async-each": {
			"version": "1.0.3",
			"resolved": "https://registry.npmjs.org/async-each/-/async-each-1.0.3.tgz",
			"integrity": "sha512-z/WhQ5FPySLdvREByI2vZiTWwCnF0moMJ1hK9YQwDTHKh6I7/uSckMetoRGb5UBZPC1z0jlw+n/XCgjeH7y1AQ=="
		},
		"binary-extensions": {
			"version": "2.0.0",
			"resolved": "https://registry.npmjs.org/binary-extensions/-/binary-extensions-2.0.0.tgz",
			"integrity": "sha512-Phlt0plgpIIBOGTT/ehfFnbNlfsDEiqmzE2KRXoX1bLIlir4X/MR+zSyBEkL05ffWgnRSf/DXv+WrUAVr93/ow=="
		},
		"braces": {
			"version": "3.0.2",
			"resolved": "https://registry.npmjs.org/braces/-/braces-3.0.2.tgz",
			"integrity": "sha512-b8um+L1RzM3WDSzvhm6gIz1yfTbBt6YTlcEKAvsmqCZZFw46z626lVj9j1yEPW33H5H+lBQpZMP1k8l+78Ha0A==",
			"requires": {
				"fill-range": "^7.0.1"
			}
		},
		"chai": {
			"version": "4.2.0",
			"resolved": "https://registry.npmjs.org/chai/-/chai-4.2.0.tgz",
			"integrity": "sha512-XQU3bhBukrOsQCuwZndwGcCVQHyZi53fQ6Ys1Fym7E4olpIqqZZhhoFJoaKVvV17lWQoXYwgWN2nF5crA8J2jw==",
			"requires": {
				"assertion-error": "^1.1.0",
				"check-error": "^1.0.2",
				"deep-eql": "^3.0.1",
				"get-func-name": "^2.0.0",
				"pathval": "^1.1.0",
				"type-detect": "^4.0.5"
			}
		},
		"chalk": {
			"version": "2.4.2",
			"resolved": "https://registry.npmjs.org/chalk/-/chalk-2.4.2.tgz",
			"integrity": "sha512-Mti+f9lpJNcwF4tWV8/OrTTtF1gZi+f8FqlyAdouralcFWFQWF2+NgCHShjkCb+IFBLq9buZwE1xckQU4peSuQ==",
			"requires": {
				"ansi-styles": "^3.2.1",
				"escape-string-regexp": "^1.0.5",
				"supports-color": "^5.3.0"
			}
		},
		"check-error": {
			"version": "1.0.2",
			"resolved": "https://registry.npmjs.org/check-error/-/check-error-1.0.2.tgz",
			"integrity": "sha1-V00xLt2Iu13YkS6Sht1sCu1KrII="
		},
		"chokidar": {
			"version": "3.0.1",
			"resolved": "https://registry.npmjs.org/chokidar/-/chokidar-3.0.1.tgz",
			"integrity": "sha512-2ww34sJWehnbpV0Q4k4V5Hh7juo7po6z7LUWkcIQnSGN1lHOL8GGtLtfwabKvLFQw/hbSUQ0u6V7OgGYgBzlkQ==",
			"requires": {
				"anymatch": "^3.0.1",
				"async-each": "^1.0.3",
				"braces": "^3.0.2",
				"fsevents": "^2.0.6",
				"glob-parent": "^5.0.0",
				"is-binary-path": "^2.1.0",
				"is-glob": "^4.0.1",
				"normalize-path": "^3.0.0",
				"readdirp": "^3.0.2"
			}
		},
		"color-convert": {
			"version": "1.9.3",
			"resolved": "https://registry.npmjs.org/color-convert/-/color-convert-1.9.3.tgz",
			"integrity": "sha512-QfAUtd+vFdAtFQcC8CCyYt1fYWxSqAiK2cSD6zDB8N3cpsEBAvRxp9zOGg6G/SHHJYAT88/az/IuDGALsNVbGg==",
			"requires": {
				"color-name": "1.1.3"
			}
		},
		"color-name": {
			"version": "1.1.3",
			"resolved": "https://registry.npmjs.org/color-name/-/color-name-1.1.3.tgz",
			"integrity": "sha1-p9BVi9icQveV3UIyj3QIMcpTvCU="
		},
		"data-uri-to-buffer": {
			"version": "2.0.1",
			"resolved": "https://registry.npmjs.org/data-uri-to-buffer/-/data-uri-to-buffer-2.0.1.tgz",
			"integrity": "sha512-OkVVLrerfAKZlW2ZZ3Ve2y65jgiWqBKsTfUIAFbn8nVbPcCZg6l6gikKlEYv0kXcmzqGm6mFq/Jf2vriuEkv8A==",
			"requires": {
				"@types/node": "^8.0.7"
			},
			"dependencies": {
				"@types/node": {
					"version": "8.10.49",
					"resolved": "https://registry.npmjs.org/@types/node/-/node-8.10.49.tgz",
					"integrity": "sha512-YX30JVx0PvSmJ3Eqr74fYLGeBxD+C7vIL20ek+GGGLJeUbVYRUW3EzyAXpIRA0K8c8o0UWqR/GwEFYiFoz1T8w=="
				}
			}
		},
		"deep-eql": {
			"version": "3.0.1",
			"resolved": "https://registry.npmjs.org/deep-eql/-/deep-eql-3.0.1.tgz",
			"integrity": "sha512-+QeIQyN5ZuO+3Uk5DYh6/1eKO0m0YmJFGNmFHGACpf1ClL1nmlV/p4gNgbl2pJGxgXb4faqo6UE+M5ACEMyVcw==",
			"requires": {
				"type-detect": "^4.0.0"
			}
		},
		"diff": {
			"version": "3.5.0",
			"resolved": "https://registry.npmjs.org/diff/-/diff-3.5.0.tgz",
			"integrity": "sha512-A46qtFgd+g7pDZinpnwiRJtxbC1hpgf0uzP3iG89scHk0AUC7A1TGxf5OiiOUv/JMZR8GOt8hL900hV0bOy5xA=="
		},
		"escape-string-regexp": {
			"version": "1.0.5",
			"resolved": "https://registry.npmjs.org/escape-string-regexp/-/escape-string-regexp-1.0.5.tgz",
			"integrity": "sha1-G2HAViGQqN/2rjuyzwIAyhMLhtQ="
		},
		"fill-range": {
			"version": "7.0.1",
			"resolved": "https://registry.npmjs.org/fill-range/-/fill-range-7.0.1.tgz",
			"integrity": "sha512-qOo9F+dMUmC2Lcb4BbVvnKJxTPjCm+RRpe4gDuGrzkL7mEVl/djYSu2OdQ2Pa302N4oqkSg9ir6jaLWJ2USVpQ==",
			"requires": {
				"to-regex-range": "^5.0.1"
			}
		},
		"fp-ts": {
			"version": "1.18.2",
			"resolved": "https://registry.npmjs.org/fp-ts/-/fp-ts-1.18.2.tgz",
			"integrity": "sha512-kznerusCuG5dUt0bH6eiQHVp2fstPiSlyzGb//rYgMMxCuromWEoVS0riH++86vyJm9Nv1B+pbe6udDx1tqjfA=="
		},
		"fsevents": {
			"version": "2.0.7",
			"resolved": "https://registry.npmjs.org/fsevents/-/fsevents-2.0.7.tgz",
			"integrity": "sha512-a7YT0SV3RB+DjYcppwVDLtn13UQnmg0SWZS7ezZD0UjnLwXmy8Zm21GMVGLaFGimIqcvyMQaOJBrop8MyOp1kQ==",
			"optional": true
		},
		"get-func-name": {
			"version": "2.0.0",
			"resolved": "https://registry.npmjs.org/get-func-name/-/get-func-name-2.0.0.tgz",
			"integrity": "sha1-6td0q+5y4gQJQzoGY2YCPdaIekE="
		},
		"get-source": {
			"version": "1.0.37",
			"resolved": "https://registry.npmjs.org/get-source/-/get-source-1.0.37.tgz",
			"integrity": "sha512-Q0YbhnCgvqFe3OTuxkNvWCM+22O4hkx7D0g8em7iFW4vmw/TiX8dhsFIaP6yRkyN9ETHgzU190L3keCg2MADtg==",
			"requires": {
				"data-uri-to-buffer": "^2.0.0",
				"source-map": "^0.6.1"
			}
		},
		"glob-parent": {
			"version": "5.1.2",
			"resolved": "https://registry.npmjs.org/glob-parent/-/glob-parent-5.1.2.tgz",
			"integrity": "sha512-AOIgSQCepiJYwP3ARnGx+5VnTu2HBYdzbGP45eLw1vr3zB3vZLeyed1sC9hnbcOc9/SrMyM5RPQrkGz4aS9Zow==",
			"requires": {
				"is-glob": "^4.0.1"
			}
		},
		"has-flag": {
			"version": "3.0.0",
			"resolved": "https://registry.npmjs.org/has-flag/-/has-flag-3.0.0.tgz",
			"integrity": "sha1-tdRU3CGZriJWmfNGfloH87lVuv0="
		},
		"io-ts": {
			"version": "1.8.6",
			"resolved": "https://registry.npmjs.org/io-ts/-/io-ts-1.8.6.tgz",
			"integrity": "sha512-0V0gbEfW5FnlEL++hO+j1cbxSvhH3f/i5Puz5AjmN6Q071vJONWTuOHttMSe60gi4DBHBTd2eHbSnHv37ptTnQ==",
			"requires": {
				"fp-ts": "^1.0.0"
			}
		},
		"is-binary-path": {
			"version": "2.1.0",
			"resolved": "https://registry.npmjs.org/is-binary-path/-/is-binary-path-2.1.0.tgz",
			"integrity": "sha512-ZMERYes6pDydyuGidse7OsHxtbI7WVeUEozgR/g7rd0xUimYNlvZRE/K2MgZTjWy725IfelLeVcEM97mmtRGXw==",
			"requires": {
				"binary-extensions": "^2.0.0"
			}
		},
		"is-extglob": {
			"version": "2.1.1",
			"resolved": "https://registry.npmjs.org/is-extglob/-/is-extglob-2.1.1.tgz",
			"integrity": "sha1-qIwCU1eR8C7TfHahueqXc8gz+MI="
		},
		"is-glob": {
			"version": "4.0.1",
			"resolved": "https://registry.npmjs.org/is-glob/-/is-glob-4.0.1.tgz",
			"integrity": "sha512-5G0tKtBTFImOqDnLB2hG6Bp2qcKEFduo4tZu9MT/H6NQv/ghhy30o55ufafxJ/LdH79LLs2Kfrn85TLKyA7BUg==",
			"requires": {
				"is-extglob": "^2.1.1"
			}
		},
		"is-number": {
			"version": "7.0.0",
			"resolved": "https://registry.npmjs.org/is-number/-/is-number-7.0.0.tgz",
			"integrity": "sha512-41Cifkg6e8TylSpdtTpeLVMqvSBEVzTttHvERD741+pnZ8ANv0004MRL43QKPDlK9cGvNp6NZWZUBlbGXYxxng=="
		},
		"isarray": {
			"version": "0.0.1",
			"resolved": "https://registry.npmjs.org/isarray/-/isarray-0.0.1.tgz",
			"integrity": "sha1-ihis/Kmo9Bd+Cav8YDiTmwXR7t8="
		},
		"isomorphic-ws": {
			"version": "4.0.1",
			"resolved": "https://registry.npmjs.org/isomorphic-ws/-/isomorphic-ws-4.0.1.tgz",
			"integrity": "sha512-BhBvN2MBpWTaSHdWRb/bwdZJ1WaehQ2L1KngkCkfLUGF0mAWAT1sQUQacEmQ0jXkFw/czDXPNQSL5u2/Krsz1w==",
			"requires": {}
		},
		"just-extend": {
			"version": "4.0.2",
			"resolved": "https://registry.npmjs.org/just-extend/-/just-extend-4.0.2.tgz",
			"integrity": "sha512-FrLwOgm+iXrPV+5zDU6Jqu4gCRXbWEQg2O3SKONsWE4w7AXFRkryS53bpWdaL9cNol+AmR3AEYz6kn+o0fCPnw=="
		},
		"lodash": {
			"version": "4.17.21",
			"resolved": "https://registry.npmjs.org/lodash/-/lodash-4.17.21.tgz",
			"integrity": "sha512-v2kDEe57lecTulaDIuNTPy3Ry4gLGJ6Z1O3vE1krgXZNrsQ+LFTGHVxVjcXPs17LhbZVGedAJv8XZ1tvj5FvSg=="
		},
		"lolex": {
			"version": "4.1.0",
			"resolved": "https://registry.npmjs.org/lolex/-/lolex-4.1.0.tgz",
			"integrity": "sha512-BYxIEXiVq5lGIXeVHnsFzqa1TxN5acnKnPCdlZSpzm8viNEOhiigupA4vTQ9HEFQ6nLTQ9wQOgBknJgzUYQ9Aw=="
		},
		"mobx": {
			"version": "5.10.1",
			"resolved": "https://registry.npmjs.org/mobx/-/mobx-5.10.1.tgz",
			"integrity": "sha512-L+akEGxdkKYssejgW9ayRPx5cZYJfxvTmdBUeR3S9oeumScV7Jj57yPeh9WMEk6NWeG8Wx3H0cWhqs0pftbtmg=="
		},
		"nise": {
			"version": "1.5.0",
			"resolved": "https://registry.npmjs.org/nise/-/nise-1.5.0.tgz",
			"integrity": "sha512-Z3sfYEkLFzFmL8KY6xnSJLRxwQwYBjOXi/24lb62ZnZiGA0JUzGGTI6TBIgfCSMIDl9Jlu8SRmHNACLTemDHww==",
			"requires": {
				"@sinonjs/formatio": "^3.1.0",
				"@sinonjs/text-encoding": "^0.7.1",
				"just-extend": "^4.0.2",
				"lolex": "^4.1.0",
				"path-to-regexp": "^1.7.0"
			}
		},
		"normalize-path": {
			"version": "3.0.0",
			"resolved": "https://registry.npmjs.org/normalize-path/-/normalize-path-3.0.0.tgz",
			"integrity": "sha512-6eZs5Ls3WtCisHWp9S2GUy8dqkpGi4BVSz3GaqiE6ezub0512ESztXUwUB6C6IKbQkY2Pnb/mD4WYojCRwcwLA=="
		},
		"path-to-regexp": {
			"version": "1.7.0",
			"resolved": "https://registry.npmjs.org/path-to-regexp/-/path-to-regexp-1.7.0.tgz",
			"integrity": "sha1-Wf3g9DW62suhA6hOnTvGTpa5k30=",
			"requires": {
				"isarray": "0.0.1"
			}
		},
		"pathval": {
			"version": "1.1.0",
			"resolved": "https://registry.npmjs.org/pathval/-/pathval-1.1.0.tgz",
			"integrity": "sha1-uULm1L3mUwBe9rcTYd74cn0GReA="
		},
		"picomatch": {
			"version": "2.0.7",
			"resolved": "https://registry.npmjs.org/picomatch/-/picomatch-2.0.7.tgz",
			"integrity": "sha512-oLHIdio3tZ0qH76NybpeneBhYVj0QFTfXEFTc/B3zKQspYfYYkWYgFsmzo+4kvId/bQRcNkVeguI3y+CD22BtA=="
		},
		"printable-characters": {
			"version": "1.0.42",
			"resolved": "https://registry.npmjs.org/printable-characters/-/printable-characters-1.0.42.tgz",
			"integrity": "sha1-Pxjpd6m9jrN/zE/1ZZ176Qhos9g="
		},
		"readdirp": {
			"version": "3.0.2",
			"resolved": "https://registry.npmjs.org/readdirp/-/readdirp-3.0.2.tgz",
			"integrity": "sha512-LbyJYv48eywrhOlScq16H/VkCiGKGPC2TpOdZCJ7QXnYEjn3NN/Oblh8QEU3vqfSRBB7OGvh5x45NKiVeNujIQ==",
			"requires": {
				"picomatch": "^2.0.4"
			}
		},
		"sinon": {
			"version": "7.3.2",
			"resolved": "https://registry.npmjs.org/sinon/-/sinon-7.3.2.tgz",
			"integrity": "sha512-thErC1z64BeyGiPvF8aoSg0LEnptSaWE7YhdWWbWXgelOyThent7uKOnnEh9zBxDbKixtr5dEko+ws1sZMuFMA==",
			"requires": {
				"@sinonjs/commons": "^1.4.0",
				"@sinonjs/formatio": "^3.2.1",
				"@sinonjs/samsam": "^3.3.1",
				"diff": "^3.5.0",
				"lolex": "^4.0.1",
				"nise": "^1.4.10",
				"supports-color": "^5.5.0"
			}
		},
		"source-map": {
			"version": "0.6.1",
			"resolved": "https://registry.npmjs.org/source-map/-/source-map-0.6.1.tgz",
			"integrity": "sha512-UjgapumWlbMhkBgzT7Ykc5YXUT46F0iKu8SGXq0bcwP5dz/h0Plj6enJqjz1Zbq2l5WaqYnrVbwWOWMyF3F47g=="
		},
		"stack-trace": {
			"version": "0.0.10",
			"resolved": "https://registry.npmjs.org/stack-trace/-/stack-trace-0.0.10.tgz",
			"integrity": "sha1-VHxws0fo0ytOEI6hoqFZ5f3eGcA="
		},
		"stacktracey": {
			"version": "1.2.112",
			"resolved": "https://registry.npmjs.org/stacktracey/-/stacktracey-1.2.112.tgz",
			"integrity": "sha512-sdToNahkjEyqBhpb6GJ5zf5d6pHW491NQt4lONP68D8MPd9iYpacUTojOOcdeEPcCeuBP2mfOSzKDQHpulZi7A==",
			"requires": {
				"as-table": "^1.0.36",
				"get-source": "^1.0.34"
			}
		},
		"supports-color": {
			"version": "5.5.0",
			"resolved": "https://registry.npmjs.org/supports-color/-/supports-color-5.5.0.tgz",
			"integrity": "sha512-QjVjwdXIt408MIiAqCX4oUKsgU2EqAGzs2Ppkm4aQYbjm+ZEWEcW4SfFNTr4uMNZma0ey4f5lgLrkB0aX0QMow==",
			"requires": {
				"has-flag": "^3.0.0"
			}
		},
		"to-regex-range": {
			"version": "5.0.1",
			"resolved": "https://registry.npmjs.org/to-regex-range/-/to-regex-range-5.0.1.tgz",
			"integrity": "sha512-65P7iz6X5yEr1cwcgvQxbbIw7Uk3gOy5dIdtZ4rDveLqhrdJP+Li/Hx6tyK0NEb+2GCyneCMJiGqrADCSNk8sQ==",
			"requires": {
				"is-number": "^7.0.0"
			}
		},
		"type-detect": {
			"version": "4.0.8",
			"resolved": "https://registry.npmjs.org/type-detect/-/type-detect-4.0.8.tgz",
			"integrity": "sha512-0fr/mIH1dlO+x7TlcMy+bIDqKPsw/70tVyeHW787goQjhmqaZe10uwLujubK9q9Lg6Fiho1KUKDYz0Z7k7g5/g=="
		},
		"typescript": {
			"version": "3.9.7",
			"resolved": "https://registry.npmjs.org/typescript/-/typescript-3.9.7.tgz",
			"integrity": "sha512-BLbiRkiBzAwsjut4x/dsibSTB6yWpwT5qWmC2OfuCg3GgVQCSgMs4vEctYPhsaGtd0AeuuHMkjZ2h2WG8MSzRw==",
			"dev": true
		},
		"ws": {
			"version": "7.5.0",
			"resolved": "https://registry.npmjs.org/ws/-/ws-7.5.0.tgz",
			"integrity": "sha512-6ezXvzOZupqKj4jUqbQ9tXuJNo+BR2gU8fFRk3XCP3e0G6WT414u5ELe6Y0vtp7kmSJ3F7YWObSNr1ESsgi4vw==",
			"requires": {}
		}
	}
}
